
Microsoft Visual Studio Solution File, Format Version 12.00
# Visual Studio 14
VisualStudioVersion = 14.0.25420.1
MinimumVisualStudioVersion = 10.0.40219.1
Project("{E24C65DC-7377-472B-9ABA-BC803B73C61A}") = "CSSAnimations", "..\..\WebSites\CSSAnimations\", "{EB2485C6-366E-4539-A2C7-A22B5B6CD697}"
	ProjectSection(WebsiteProperties) = preProject
		TargetFrameworkMoniker = ".NETFramework,Version%3Dv4.5.2"
		Debug.AspNetCompiler.VirtualPath = "/localhost_53876"
		Debug.AspNetCompiler.PhysicalPath = "..\..\WebSites\CSSAnimations\"
		Debug.AspNetCompiler.TargetPath = "PrecompiledWeb\localhost_53876\"
		Debug.AspNetCompiler.Updateable = "true"
		Debug.AspNetCompiler.ForceOverwrite = "true"
		Debug.AspNetCompiler.FixedNames = "false"
		Debug.AspNetCompiler.Debug = "True"
		Release.AspNetCompiler.VirtualPath = "/localhost_53876"
		Release.AspNetCompiler.PhysicalPath = "..\..\WebSites\CSSAnimations\"
		Release.AspNetCompiler.TargetPath = "PrecompiledWeb\localhost_53876\"
		Release.AspNetCompiler.Updateable = "true"
		Release.AspNetCompiler.ForceOverwrite = "true"
		Release.AspNetCompiler.FixedNames = "false"
		Release.AspNetCompiler.Debug = "False"
		VWDPort = "53876"
		SlnRelativePath = "..\..\WebSites\CSSAnimations\"
		DefaultWebSiteLanguage = "Visual C#"
	EndProjectSection
EndProject
Global
	GlobalSection(SolutionConfigurationPlatforms) = preSolution
		Debug|Any CPU = Debug|Any CPU
	EndGlobalSection
	GlobalSection(ProjectConfigurationPlatforms) = postSolution
		{EB2485C6-366E-4539-A2C7-A22B5B6CD697}.Debug|Any CPU.ActiveCfg = Debug|Any CPU
		{EB2485C6-366E-4539-A2C7-A22B5B6CD697}.Debug|Any CPU.Build.0 = Debug|Any CPU
	EndGlobalSection
	GlobalSection(SolutionProperties) = preSolution
		HideSolutionNode = FALSE
	EndGlobalSection
EndGlobal
